{
  "name": "Orange Chat",
  "lockfileVersion": 3,
  "requires": true,
  "packages": {
    "": {
      "dependencies": {
        "aicommits": "^1.3.0"
      }
    },
    "node_modules/@dqbd/tiktoken": {
      "version": "0.4.0",
      "resolved": "https://registry.npmjs.org/@dqbd/tiktoken/-/tiktoken-0.4.0.tgz",
      "integrity": "sha512-iaHgmwKAOqowBFZKxelyszoeGLoNw62eOULcmyme1aA1Ymr3JgYl0V7jwpuUm7fksalycZajx3loFn9TRUaviw=="
    },
    "node_modules/aicommits": {
      "version": "1.3.0",
      "resolved": "https://registry.npmjs.org/aicommits/-/aicommits-1.3.0.tgz",
      "integrity": "sha512-9pbOzUonmMpjT1IhV2IqfWObRQmpHGjYsJeObqMoxXm9St4QFJeVosSQbgwEcD9+PfP/GAerBF8MERzPHH9kSg==",
      "dependencies": {
        "@dqbd/tiktoken": "^0.4.0"
      },
      "bin": {
        "aicommits": "dist/cli.mjs"
      }
    }
  }
}
